
Microsoft Visual Studio Solution File, Format Version 12.00
# Visual Studio Version 17
VisualStudioVersion = 17.11.35222.181
MinimumVisualStudioVersion = 10.0.40219.1
Project("{FAE04EC0-301F-11D3-BF4B-00C04F79EFBC}") = "SeriesCache", "SeriesCache\SeriesCache.csproj", "{F541E5D0-AE69-4FE3-9D30-9FE2C1CA4C29}"
EndProject
Project("{FAE04EC0-301F-11D3-BF4B-00C04F79EFBC}") = "SeriesCache.Tests", "SeriesCache.Tests\SeriesCache.Tests.csproj", "{9774763C-7895-4197-BEE8-B113E45BE1D9}"
EndProject
Project("{FAE04EC0-301F-11D3-BF4B-00C04F79EFBC}") = "Benchmarks", "Benchmarks\Benchmarks.csproj", "{C273F9B3-2144-4B01-B76B-141F7B8631DE}"
EndProject
Global
	GlobalSection(SolutionConfigurationPlatforms) = preSolution
		Debug|Any CPU = Debug|Any CPU
		Release|Any CPU = Release|Any CPU
	EndGlobalSection
	GlobalSection(ProjectConfigurationPlatforms) = postSolution
		{F541E5D0-AE69-4FE3-9D30-9FE2C1CA4C29}.Debug|Any CPU.ActiveCfg = Debug|Any CPU
		{F541E5D0-AE69-4FE3-9D30-9FE2C1CA4C29}.Debug|Any CPU.Build.0 = Debug|Any CPU
		{F541E5D0-AE69-4FE3-9D30-9FE2C1CA4C29}.Release|Any CPU.ActiveCfg = Release|Any CPU
		{F541E5D0-AE69-4FE3-9D30-9FE2C1CA4C29}.Release|Any CPU.Build.0 = Release|Any CPU
		{9774763C-7895-4197-BEE8-B113E45BE1D9}.Debug|Any CPU.ActiveCfg = Debug|Any CPU
		{9774763C-7895-4197-BEE8-B113E45BE1D9}.Debug|Any CPU.Build.0 = Debug|Any CPU
		{9774763C-7895-4197-BEE8-B113E45BE1D9}.Release|Any CPU.ActiveCfg = Release|Any CPU
		{9774763C-7895-4197-BEE8-B113E45BE1D9}.Release|Any CPU.Build.0 = Release|Any CPU
		{C273F9B3-2144-4B01-B76B-141F7B8631DE}.Debug|Any CPU.ActiveCfg = Debug|Any CPU
		{C273F9B3-2144-4B01-B76B-141F7B8631DE}.Debug|Any CPU.Build.0 = Debug|Any CPU
		{C273F9B3-2144-4B01-B76B-141F7B8631DE}.Release|Any CPU.ActiveCfg = Release|Any CPU
		{C273F9B3-2144-4B01-B76B-141F7B8631DE}.Release|Any CPU.Build.0 = Release|Any CPU
	EndGlobalSection
	GlobalSection(SolutionProperties) = preSolution
		HideSolutionNode = FALSE
	EndGlobalSection
	GlobalSection(ExtensibilityGlobals) = postSolution
		SolutionGuid = {B4CCE4F7-E9A3-487F-A762-915EE793499D}
	EndGlobalSection
EndGlobal
